// !$*UTF8*$!
{
	archiveVersion = 1;
	classes = {
	};
	objectVersion = 77;
	objects = {

/* Begin PBXBuildFile section */
		31CDF4912F2AA50000EC2BC6 /* KeyboardShortcuts in Frameworks */ = {isa = PBXBuildFile; productRef = 31CDF4922F2AA50000EC2BC6 /* KeyboardShortcuts */; };
		31CDF4932F2AA50100EC2BC6 /* KeychainAccess in Frameworks */ = {isa = PBXBuildFile; productRef = 31CDF4942F2AA50100EC2BC6 /* KeychainAccess */; };
/* End PBXBuildFile section */

/* Begin PBXContainerItemProxy section */
		31CDF4702F2AA1A600EC2BC6 /* PBXContainerItemProxy */ = {
			isa = PBXContainerItemProxy;
			containerPortal = 31CDF45A2F2AA1A500EC2BC6 /* Project object */;
			proxyType = 1;
			remoteGlobalIDString = 31CDF4612F2AA1A500EC2BC6;
			remoteInfo = ScreenToCalendar;
		};
		31CDF47A2F2AA1A600EC2BC6 /* PBXContainerItemProxy */ = {
			isa = PBXContainerItemProxy;
			containerPortal = 31CDF45A2F2AA1A500EC2BC6 /* Project object */;
			proxyType = 1;
			remoteGlobalIDString = 31CDF4612F2AA1A500EC2BC6;
			remoteInfo = ScreenToCalendar;
		};
/* End PBXContainerItemProxy section */

/* Begin PBXFileReference section */
		31CDF4622F2AA1A500EC2BC6 /* ScreenToCalendar.app */ = {isa = PBXFileReference; explicitFileType = wrapper.application; includeInIndex = 0; path = ScreenToCalendar.app; sourceTree = BUILT_PRODUCTS_DIR; };
		31CDF46F2F2AA1A600EC2BC6 /* ScreenToCalendarTests.xctest */ = {isa = PBXFileReference; explicitFileType = wrapper.cfbundle; includeInIndex = 0; path = ScreenToCalendarTests.xctest; sourceTree = BUILT_PRODUCTS_DIR; };
		31CDF4792F2AA1A600EC2BC6 /* ScreenToCalendarUITests.xctest */ = {isa = PBXFileReference; explicitFileType = wrapper.cfbundle; includeInIndex = 0; path = ScreenToCalendarUITests.xctest; sourceTree = BUILT_PRODUCTS_DIR; };
/* End PBXFileReference section */

/* Begin PBXFileSystemSynchronizedRootGroup section */
		31CDF4642F2AA1A500EC2BC6 /* ScreenToCalendar */ = {
			isa = PBXFileSystemSynchronizedRootGroup;
			path = ScreenToCalendar;
			sourceTree = "<group>";
		};
		31CDF4722F2AA1A600EC2BC6 /* ScreenToCalendarTests */ = {
			isa = PBXFileSystemSynchronizedRootGroup;
			path = ScreenToCalendarTests;
			sourceTree = "<group>";
		};
		31CDF47C2F2AA1A600EC2BC6 /* ScreenToCalendarUITests */ = {
			isa = PBXFileSystemSynchronizedRootGroup;
			path = ScreenToCalendarUITests;
			sourceTree = "<group>";
		};
/* End PBXFileSystemSynchronizedRootGroup section */

/* Begin PBXFrameworksBuildPhase section */
		31CDF45F2F2AA1A500EC2BC6 /* Frameworks */ = {
			isa = PBXFrameworksBuildPhase;
			buildActionMask = 2147483647;
			files = (
				31CDF4912F2AA50000EC2BC6 /* KeyboardShortcuts in Frameworks */,
				31CDF4932F2AA50100EC2BC6 /* KeychainAccess in Frameworks */,
			);
			runOnlyForDeploymentPostprocessing = 0;
		};
		31CDF46C2F2AA1A600EC2BC6 /* Frameworks */ = {
			isa = PBXFrameworksBuildPhase;
			buildActionMask = 2147483647;
			files = (
			);
			runOnlyForDeploymentPostprocessing = 0;
		};
		31CDF4762F2AA1A600EC2BC6 /* Frameworks */ = {
			isa = PBXFrameworksBuildPhase;
			buildActionMask = 2147483647;
			files = (
			);
			runOnlyForDeploymentPostprocessing = 0;
		};
/* End PBXFrameworksBuildPhase section */

/* Begin PBXGroup section */
		31CDF4592F2AA1A500EC2BC6 = {
			isa = PBXGroup;
			children = (
				31CDF4642F2AA1A500EC2BC6 /* ScreenToCalendar */,
				31CDF4722F2AA1A600EC2BC6 /* ScreenToCalendarTests */,
				31CDF47C2F2AA1A600EC2BC6 /* ScreenToCalendarUITests */,
				31CDF4632F2AA1A500EC2BC6 /* Products */,
			);
			sourceTree = "<group>";
		};
		31CDF4632F2AA1A500EC2BC6 /* Products */ = {
			isa = PBXGroup;
			children = (
				31CDF4622F2AA1A500EC2BC6 /* ScreenToCalendar.app */,
				31CDF46F2F2AA1A600EC2BC6 /* ScreenToCalendarTests.xctest */,
				31CDF4792F2AA1A600EC2BC6 /* ScreenToCalendarUITests.xctest */,
			);
			name = Products;
			sourceTree = "<group>";
		};
/* End PBXGroup section */

/* Begin PBXNativeTarget section */
		31CDF4612F2AA1A500EC2BC6 /* ScreenToCalendar */ = {
			isa = PBXNativeTarget;
			buildConfigurationList = 31CDF4832F2AA1A600EC2BC6 /* Build configuration list for PBXNativeTarget "ScreenToCalendar" */;
			buildPhases = (
				31CDF45E2F2AA1A500EC2BC6 /* Sources */,
				31CDF45F2F2AA1A500EC2BC6 /* Frameworks */,
				31CDF4602F2AA1A500EC2BC6 /* Resources */,
			);
			buildRules = (
			);
			dependencies = (
			);
			fileSystemSynchronizedGroups = (
				31CDF4642F2AA1A500EC2BC6 /* ScreenToCalendar */,
			);
			name = ScreenToCalendar;
			packageProductDependencies = (
				31CDF4922F2AA50000EC2BC6 /* KeyboardShortcuts */,
				31CDF4942F2AA50100EC2BC6 /* KeychainAccess */,
			);
			productName = ScreenToCalendar;
			productReference = 31CDF4622F2AA1A500EC2BC6 /* ScreenToCalendar.app */;
			productType = "com.apple.product-type.application";
		};
		31CDF46E2F2AA1A600EC2BC6 /* ScreenToCalendarTests */ = {
			isa = PBXNativeTarget;
			buildConfigurationList = 31CDF4862F2AA1A600EC2BC6 /* Build configuration list for PBXNativeTarget "ScreenToCalendarTests" */;
			buildPhases = (
				31CDF46B2F2AA1A600EC2BC6 /* Sources */,
				31CDF46C2F2AA1A600EC2BC6 /* Frameworks */,
				31CDF46D2F2AA1A600EC2BC6 /* Resources */,
			);
			buildRules = (
			);
			dependencies = (
				31CDF4712F2AA1A600EC2BC6 /* PBXTargetDependency */,
			);
			fileSystemSynchronizedGroups = (
				31CDF4722F2AA1A600EC2BC6 /* ScreenToCalendarTests */,
			);
			name = ScreenToCalendarTests;
			packageProductDependencies = (
			);
			productName = ScreenToCalendarTests;
			productReference = 31CDF46F2F2AA1A600EC2BC6 /* ScreenToCalendarTests.xctest */;
			productType = "com.apple.product-type.bundle.unit-test";
		};
		31CDF4782F2AA1A600EC2BC6 /* ScreenToCalendarUITests */ = {
			isa = PBXNativeTarget;
			buildConfigurationList = 31CDF4892F2AA1A600EC2BC6 /* Build configuration list for PBXNativeTarget "ScreenToCalendarUITests" */;
			buildPhases = (
				31CDF4752F2AA1A600EC2BC6 /* Sources */,
				31CDF4762F2AA1A600EC2BC6 /* Frameworks */,
				31CDF4772F2AA1A600EC2BC6 /* Resources */,
			);
			buildRules = (
			);
			dependencies = (
				31CDF47B2F2AA1A600EC2BC6 /* PBXTargetDependency */,
			);
			fileSystemSynchronizedGroups = (
				31CDF47C2F2AA1A600EC2BC6 /* ScreenToCalendarUITests */,
			);
			name = ScreenToCalendarUITests;
			packageProductDependencies = (
			);
			productName = ScreenToCalendarUITests;
			productReference = 31CDF4792F2AA1A600EC2BC6 /* ScreenToCalendarUITests.xctest */;
			productType = "com.apple.product-type.bundle.ui-testing";
		};
/* End PBXNativeTarget section */

/* Begin PBXProject section */
		31CDF45A2F2AA1A500EC2BC6 /* Project object */ = {
			isa = PBXProject;
			attributes = {
				BuildIndependentTargetsInParallel = 1;
				LastSwiftUpdateCheck = 2620;
				LastUpgradeCheck = 2620;
				TargetAttributes = {
					31CDF4612F2AA1A500EC2BC6 = {
						CreatedOnToolsVersion = 26.2;
						LastSwiftMigration = 2620;
					};
					31CDF46E2F2AA1A600EC2BC6 = {
						CreatedOnToolsVersion = 26.2;
						TestTargetID = 31CDF4612F2AA1A500EC2BC6;
					};
					31CDF4782F2AA1A600EC2BC6 = {
						CreatedOnToolsVersion = 26.2;
						TestTargetID = 31CDF4612F2AA1A500EC2BC6;
					};
				};
			};
			buildConfigurationList = 31CDF45D2F2AA1A500EC2BC6 /* Build configuration list for PBXProject "ScreenToCalendar" */;
			developmentRegion = en;
			hasScannedForEncodings = 0;
			knownRegions = (
				en,
				Base,
			);
			mainGroup = 31CDF4592F2AA1A500EC2BC6;
			minimizedProjectReferenceProxies = 1;
			packageReferences = (
				31CDF48F2F2AA40D00EC2BC6 /* XCRemoteSwiftPackageReference "KeyboardShortcuts" */,
				31CDF4902F2AA42B00EC2BC6 /* XCRemoteSwiftPackageReference "KeychainAccess" */,
			);
			preferredProjectObjectVersion = 77;
			productRefGroup = 31CDF4632F2AA1A500EC2BC6 /* Products */;
			projectDirPath = "";
			projectRoot = "";
			targets = (
				31CDF4612F2AA1A500EC2BC6 /* ScreenToCalendar */,
				31CDF46E2F2AA1A600EC2BC6 /* ScreenToCalendarTests */,
				31CDF4782F2AA1A600EC2BC6 /* ScreenToCalendarUITests */,
			);
		};
/* End PBXProject section */

/* Begin PBXResourcesBuildPhase section */
		31CDF4602F2AA1A500EC2BC6 /* Resources */ = {
			isa = PBXResourcesBuildPhase;
			buildActionMask = 2147483647;
			files = (
			);
			runOnlyForDeploymentPostprocessing = 0;
		};
		31CDF46D2F2AA1A600EC2BC6 /* Resources */ = {
			isa = PBXResourcesBuildPhase;
			buildActionMask = 2147483647;
			files = (
			);
			runOnlyForDeploymentPostprocessing = 0;
		};
		31CDF4772F2AA1A600EC2BC6 /* Resources */ = {
			isa = PBXResourcesBuildPhase;
			buildActionMask = 2147483647;
			files = (
			);
			runOnlyForDeploymentPostprocessing = 0;
		};
/* End PBXResourcesBuildPhase section */

/* Begin PBXSourcesBuildPhase section */
		31CDF45E2F2AA1A500EC2BC6 /* Sources */ = {
			isa = PBXSourcesBuildPhase;
			buildActionMask = 2147483647;
			files = (
			);
			runOnlyForDeploymentPostprocessing = 0;
		};
		31CDF46B2F2AA1A600EC2BC6 /* Sources */ = {
			isa = PBXSourcesBuildPhase;
			buildActionMask = 2147483647;
			files = (
			);
			runOnlyForDeploymentPostprocessing = 0;
		};
		31CDF4752F2AA1A600EC2BC6 /* Sources */ = {
			isa = PBXSourcesBuildPhase;
			buildActionMask = 2147483647;
			files = (
			);
			runOnlyForDeploymentPostprocessing = 0;
		};
/* End PBXSourcesBuildPhase section */

/* Begin PBXTargetDependency section */
		31CDF4712F2AA1A600EC2BC6 /* PBXTargetDependency */ = {
			isa = PBXTargetDependency;
			target = 31CDF4612F2AA1A500EC2BC6 /* ScreenToCalendar */;
			targetProxy = 31CDF4702F2AA1A600EC2BC6 /* PBXContainerItemProxy */;
		};
		31CDF47B2F2AA1A600EC2BC6 /* PBXTargetDependency */ = {
			isa = PBXTargetDependency;
			target = 31CDF4612F2AA1A500EC2BC6 /* ScreenToCalendar */;
			targetProxy = 31CDF47A2F2AA1A600EC2BC6 /* PBXContainerItemProxy */;
		};
/* End PBXTargetDependency section */

/* Begin XCBuildConfiguration section */
		31CDF4812F2AA1A600EC2BC6 /* Debug */ = {
			isa = XCBuildConfiguration;
			buildSettings = {
				ALWAYS_SEARCH_USER_PATHS = NO;
				ASSETCATALOG_COMPILER_GENERATE_SWIFT_ASSET_SYMBOL_EXTENSIONS = YES;
				CLANG_ANALYZER_NONNULL = YES;
				CLANG_ANALYZER_NUMBER_OBJECT_CONVERSION = YES_AGGRESSIVE;
				CLANG_CXX_LANGUAGE_STANDARD = "gnu++20";
				CLANG_ENABLE_MODULES = YES;
				CLANG_ENABLE_OBJC_ARC = YES;
				CLANG_ENABLE_OBJC_WEAK = YES;
				CLANG_WARN_BLOCK_CAPTURE_AUTORELEASING = YES;
				CLANG_WARN_BOOL_CONVERSION = YES;
				CLANG_WARN_COMMA = YES;
				CLANG_WARN_CONSTANT_CONVERSION = YES;
				CLANG_WARN_DEPRECATED_OBJC_IMPLEMENTATIONS = YES;
				CLANG_WARN_DIRECT_OBJC_ISA_USAGE = YES_ERROR;
				CLANG_WARN_DOCUMENTATION_COMMENTS = YES;
				CLANG_WARN_EMPTY_BODY = YES;
				CLANG_WARN_ENUM_CONVERSION = YES;
				CLANG_WARN_INFINITE_RECURSION = YES;
				CLANG_WARN_INT_CONVERSION = YES;
				CLANG_WARN_NON_LITERAL_NULL_CONVERSION = YES;
				CLANG_WARN_OBJC_IMPLICIT_RETAIN_SELF = YES;
				CLANG_WARN_OBJC_LITERAL_CONVERSION = YES;
				CLANG_WARN_OBJC_ROOT_CLASS = YES_ERROR;
				CLANG_WARN_QUOTED_INCLUDE_IN_FRAMEWORK_HEADER = YES;
				CLANG_WARN_RANGE_LOOP_ANALYSIS = YES;
				CLANG_WARN_STRICT_PROTOTYPES = YES;
				CLANG_WARN_SUSPICIOUS_MOVE = YES;
				CLANG_WARN_UNGUARDED_AVAILABILITY = YES_AGGRESSIVE;
				CLANG_WARN_UNREACHABLE_CODE = YES;
				CLANG_WARN__DUPLICATE_METHOD_MATCH = YES;
				COPY_PHASE_STRIP = NO;
				DEBUG_INFORMATION_FORMAT = dwarf;
				DEVELOPMENT_TEAM = "";
				ENABLE_STRICT_OBJC_MSGSEND = YES;
				ENABLE_TESTABILITY = YES;
				ENABLE_USER_SCRIPT_SANDBOXING = YES;
				GCC_C_LANGUAGE_STANDARD = gnu17;
				GCC_DYNAMIC_NO_PIC = NO;
				GCC_NO_COMMON_BLOCKS = YES;
				GCC_OPTIMIZATION_LEVEL = 0;
				GCC_PREPROCESSOR_DEFINITIONS = (
					"DEBUG=1",
					"$(inherited)",
				);
				GCC_WARN_64_TO_32_BIT_CONVERSION = YES;
				GCC_WARN_ABOUT_RETURN_TYPE = YES_ERROR;
				GCC_WARN_UNDECLARED_SELECTOR = YES;
				GCC_WARN_UNINITIALIZED_AUTOS = YES_AGGRESSIVE;
				GCC_WARN_UNUSED_FUNCTION = YES;
				GCC_WARN_UNUSED_VARIABLE = YES;
				LOCALIZATION_PREFERS_STRING_CATALOGS = YES;
				MACOSX_DEPLOYMENT_TARGET = 26.2;
				MTL_ENABLE_DEBUG_INFO = INCLUDE_SOURCE;
				MTL_FAST_MATH = YES;
				ONLY_ACTIVE_ARCH = YES;
				SDKROOT = macosx;
				SWIFT_ACTIVE_COMPILATION_CONDITIONS = "DEBUG $(inherited)";
				SWIFT_OPTIMIZATION_LEVEL = "-Onone";
			};
			name = Debug;
		};
		31CDF4822F2AA1A600EC2BC6 /* Release */ = {
			isa = XCBuildConfiguration;
			buildSettings = {
				ALWAYS_SEARCH_USER_PATHS = NO;
				ASSETCATALOG_COMPILER_GENERATE_SWIFT_ASSET_SYMBOL_EXTENSIONS = YES;
				CLANG_ANALYZER_NONNULL = YES;
				CLANG_ANALYZER_NUMBER_OBJECT_CONVERSION = YES_AGGRESSIVE;
				CLANG_CXX_LANGUAGE_STANDARD = "gnu++20";
				CLANG_ENABLE_MODULES = YES;
				CLANG_ENABLE_OBJC_ARC = YES;
				CLANG_ENABLE_OBJC_WEAK = YES;
				CLANG_WARN_BLOCK_CAPTURE_AUTORELEASING = YES;
				CLANG_WARN_BOOL_CONVERSION = YES;
				CLANG_WARN_COMMA = YES;
				CLANG_WARN_CONSTANT_CONVERSION = YES;
				CLANG_WARN_DEPRECATED_OBJC_IMPLEMENTATIONS = YES;
				CLANG_WARN_DIRECT_OBJC_ISA_USAGE = YES_ERROR;
				CLANG_WARN_DOCUMENTATION_COMMENTS = YES;
				CLANG_WARN_EMPTY_BODY = YES;
				CLANG_WARN_ENUM_CONVERSION = YES;
				CLANG_WARN_INFINITE_RECURSION = YES;
				CLANG_WARN_INT_CONVERSION = YES;
				CLANG_WARN_NON_LITERAL_NULL_CONVERSION = YES;
				CLANG_WARN_OBJC_IMPLICIT_RETAIN_SELF = YES;
				CLANG_WARN_OBJC_LITERAL_CONVERSION = YES;
				CLANG_WARN_OBJC_ROOT_CLASS = YES_ERROR;
				CLANG_WARN_QUOTED_INCLUDE_IN_FRAMEWORK_HEADER = YES;
				CLANG_WARN_RANGE_LOOP_ANALYSIS = YES;
				CLANG_WARN_STRICT_PROTOTYPES = YES;
				CLANG_WARN_SUSPICIOUS_MOVE = YES;
				CLANG_WARN_UNGUARDED_AVAILABILITY = YES_AGGRESSIVE;
				CLANG_WARN_UNREACHABLE_CODE = YES;
				CLANG_WARN__DUPLICATE_METHOD_MATCH = YES;
				COPY_PHASE_STRIP = NO;
				DEBUG_INFORMATION_FORMAT = "dwarf-with-dsym";
				DEVELOPMENT_TEAM = "";
				ENABLE_NS_ASSERTIONS = NO;
				ENABLE_STRICT_OBJC_MSGSEND = YES;
				ENABLE_USER_SCRIPT_SANDBOXING = YES;
				GCC_C_LANGUAGE_STANDARD = gnu17;
				GCC_NO_COMMON_BLOCKS = YES;
				GCC_WARN_64_TO_32_BIT_CONVERSION = YES;
				GCC_WARN_ABOUT_RETURN_TYPE = YES_ERROR;
				GCC_WARN_UNDECLARED_SELECTOR = YES;
				GCC_WARN_UNINITIALIZED_AUTOS = YES_AGGRESSIVE;
				GCC_WARN_UNUSED_FUNCTION = YES;
				GCC_WARN_UNUSED_VARIABLE = YES;
				LOCALIZATION_PREFERS_STRING_CATALOGS = YES;
				MACOSX_DEPLOYMENT_TARGET = 26.2;
				MTL_ENABLE_DEBUG_INFO = NO;
				MTL_FAST_MATH = YES;
				SDKROOT = macosx;
				SWIFT_COMPILATION_MODE = wholemodule;
			};
			name = Release;
		};
		31CDF4842F2AA1A600EC2BC6 /* Debug */ = {
			isa = XCBuildConfiguration;
			buildSettings = {
				ASSETCATALOG_COMPILER_APPICON_NAME = AppIcon;
				ASSETCATALOG_COMPILER_GLOBAL_ACCENT_COLOR_NAME = AccentColor;
				AUTOMATION_APPLE_EVENTS = NO;
				CLANG_ENABLE_MODULES = YES;
				CODE_SIGN_STYLE = Automatic;
				COMBINE_HIDPI_IMAGES = YES;
				CURRENT_PROJECT_VERSION = 1;
				DEVELOPMENT_TEAM = "";
				ENABLE_APP_SANDBOX = YES;
				ENABLE_HARDENED_RUNTIME = YES;
				ENABLE_INCOMING_NETWORK_CONNECTIONS = NO;
				ENABLE_OUTGOING_NETWORK_CONNECTIONS = YES;
				ENABLE_PREVIEWS = YES;
				ENABLE_RESOURCE_ACCESS_AUDIO_INPUT = NO;
				ENABLE_RESOURCE_ACCESS_BLUETOOTH = NO;
				ENABLE_RESOURCE_ACCESS_CALENDARS = YES;
				ENABLE_RESOURCE_ACCESS_CAMERA = NO;
				ENABLE_RESOURCE_ACCESS_CONTACTS = NO;
				ENABLE_RESOURCE_ACCESS_LOCATION = NO;
				ENABLE_RESOURCE_ACCESS_PHOTO_LIBRARY = NO;
				ENABLE_RESOURCE_ACCESS_PRINTING = NO;
				ENABLE_RESOURCE_ACCESS_USB = NO;
				ENABLE_USER_SELECTED_FILES = readwrite;
				GENERATE_INFOPLIST_FILE = NO;
				INFOPLIST_FILE = ScreenToCalendar/Resources/Info.plist;
				LD_RUNPATH_SEARCH_PATHS = (
					"$(inherited)",
					"@executable_path/../Frameworks",
				);
				MARKETING_VERSION = 1.0;
				PRODUCT_BUNDLE_IDENTIFIER = com.screentocalendar.app;
				PRODUCT_NAME = "$(TARGET_NAME)";
				REGISTER_APP_GROUPS = YES;
				RUNTIME_EXCEPTION_ALLOW_DYLD_ENVIRONMENT_VARIABLES = NO;
				RUNTIME_EXCEPTION_ALLOW_JIT = NO;
				RUNTIME_EXCEPTION_ALLOW_UNSIGNED_EXECUTABLE_MEMORY = NO;
				RUNTIME_EXCEPTION_DEBUGGING_TOOL = NO;
				RUNTIME_EXCEPTION_DISABLE_EXECUTABLE_PAGE_PROTECTION = NO;
				RUNTIME_EXCEPTION_DISABLE_LIBRARY_VALIDATION = NO;
				STRING_CATALOG_GENERATE_SYMBOLS = YES;
				SWIFT_APPROACHABLE_CONCURRENCY = YES;
				SWIFT_DEFAULT_ACTOR_ISOLATION = MainActor;
				SWIFT_EMIT_LOC_STRINGS = YES;
				SWIFT_OPTIMIZATION_LEVEL = "-Onone";
				SWIFT_UPCOMING_FEATURE_MEMBER_IMPORT_VISIBILITY = YES;
				SWIFT_VERSION = 5.0;
			};
			name = Debug;
		};
		31CDF4852F2AA1A600EC2BC6 /* Release */ = {
			isa = XCBuildConfiguration;
			buildSettings = {
				ASSETCATALOG_COMPILER_APPICON_NAME = AppIcon;
				ASSETCATALOG_COMPILER_GLOBAL_ACCENT_COLOR_NAME = AccentColor;
				AUTOMATION_APPLE_EVENTS = NO;
				CLANG_ENABLE_MODULES = YES;
				CODE_SIGN_STYLE = Automatic;
				COMBINE_HIDPI_IMAGES = YES;
				CURRENT_PROJECT_VERSION = 1;
				DEVELOPMENT_TEAM = "";
				ENABLE_APP_SANDBOX = YES;
				ENABLE_HARDENED_RUNTIME = YES;
				ENABLE_PREVIEWS = YES;
				ENABLE_RESOURCE_ACCESS_AUDIO_INPUT = NO;
				ENABLE_RESOURCE_ACCESS_CALENDARS = YES;
				ENABLE_RESOURCE_ACCESS_CAMERA = NO;
				ENABLE_RESOURCE_ACCESS_CONTACTS = NO;
				ENABLE_RESOURCE_ACCESS_LOCATION = NO;
				ENABLE_RESOURCE_ACCESS_PHOTO_LIBRARY = NO;
				ENABLE_USER_SELECTED_FILES = readwrite;
				GENERATE_INFOPLIST_FILE = NO;
				INFOPLIST_FILE = ScreenToCalendar/Resources/Info.plist;
				LD_RUNPATH_SEARCH_PATHS = (
					"$(inherited)",
					"@executable_path/../Frameworks",
				);
				MARKETING_VERSION = 1.0;
				PRODUCT_BUNDLE_IDENTIFIER = com.screentocalendar.app;
				PRODUCT_NAME = "$(TARGET_NAME)";
				REGISTER_APP_GROUPS = YES;
				RUNTIME_EXCEPTION_ALLOW_DYLD_ENVIRONMENT_VARIABLES = NO;
				RUNTIME_EXCEPTION_ALLOW_JIT = NO;
				RUNTIME_EXCEPTION_ALLOW_UNSIGNED_EXECUTABLE_MEMORY = NO;
				RUNTIME_EXCEPTION_DEBUGGING_TOOL = NO;
				RUNTIME_EXCEPTION_DISABLE_EXECUTABLE_PAGE_PROTECTION = NO;
				RUNTIME_EXCEPTION_DISABLE_LIBRARY_VALIDATION = NO;
				STRING_CATALOG_GENERATE_SYMBOLS = YES;
				SWIFT_APPROACHABLE_CONCURRENCY = YES;
				SWIFT_DEFAULT_ACTOR_ISOLATION = MainActor;
				SWIFT_EMIT_LOC_STRINGS = YES;
				SWIFT_UPCOMING_FEATURE_MEMBER_IMPORT_VISIBILITY = YES;
				SWIFT_VERSION = 5.0;
			};
			name = Release;
		};
		31CDF4872F2AA1A600EC2BC6 /* Debug */ = {
			isa = XCBuildConfiguration;
			buildSettings = {
				BUNDLE_LOADER = "$(TEST_HOST)";
				CODE_SIGN_STYLE = Automatic;
				CURRENT_PROJECT_VERSION = 1;
				DEVELOPMENT_TEAM = "";
				GENERATE_INFOPLIST_FILE = YES;
				MACOSX_DEPLOYMENT_TARGET = 26.2;
				MARKETING_VERSION = 1.0;
				PRODUCT_BUNDLE_IDENTIFIER = zakich4n.ScreenToCalendarTests;
				PRODUCT_NAME = "$(TARGET_NAME)";
				STRING_CATALOG_GENERATE_SYMBOLS = NO;
				SWIFT_APPROACHABLE_CONCURRENCY = YES;
				SWIFT_EMIT_LOC_STRINGS = NO;
				SWIFT_UPCOMING_FEATURE_MEMBER_IMPORT_VISIBILITY = YES;
				SWIFT_VERSION = 5.0;
				TEST_HOST = "$(BUILT_PRODUCTS_DIR)/ScreenToCalendar.app/$(BUNDLE_EXECUTABLE_FOLDER_PATH)/ScreenToCalendar";
			};
			name = Debug;
		};
		31CDF4882F2AA1A600EC2BC6 /* Release */ = {
			isa = XCBuildConfiguration;
			buildSettings = {
				BUNDLE_LOADER = "$(TEST_HOST)";
				CODE_SIGN_STYLE = Automatic;
				CURRENT_PROJECT_VERSION = 1;
				DEVELOPMENT_TEAM = "";
				GENERATE_INFOPLIST_FILE = YES;
				MACOSX_DEPLOYMENT_TARGET = 26.2;
				MARKETING_VERSION = 1.0;
				PRODUCT_BUNDLE_IDENTIFIER = zakich4n.ScreenToCalendarTests;
				PRODUCT_NAME = "$(TARGET_NAME)";
				STRING_CATALOG_GENERATE_SYMBOLS = NO;
				SWIFT_APPROACHABLE_CONCURRENCY = YES;
				SWIFT_EMIT_LOC_STRINGS = NO;
				SWIFT_UPCOMING_FEATURE_MEMBER_IMPORT_VISIBILITY = YES;
				SWIFT_VERSION = 5.0;
				TEST_HOST = "$(BUILT_PRODUCTS_DIR)/ScreenToCalendar.app/$(BUNDLE_EXECUTABLE_FOLDER_PATH)/ScreenToCalendar";
			};
			name = Release;
		};
		31CDF48A2F2AA1A600EC2BC6 /* Debug */ = {
			isa = XCBuildConfiguration;
			buildSettings = {
				CODE_SIGN_STYLE = Automatic;
				CURRENT_PROJECT_VERSION = 1;
				DEVELOPMENT_TEAM = "";
				GENERATE_INFOPLIST_FILE = YES;
				MARKETING_VERSION = 1.0;
				PRODUCT_BUNDLE_IDENTIFIER = zakich4n.ScreenToCalendarUITests;
				PRODUCT_NAME = "$(TARGET_NAME)";
				STRING_CATALOG_GENERATE_SYMBOLS = NO;
				SWIFT_APPROACHABLE_CONCURRENCY = YES;
				SWIFT_EMIT_LOC_STRINGS = NO;
				SWIFT_UPCOMING_FEATURE_MEMBER_IMPORT_VISIBILITY = YES;
				SWIFT_VERSION = 5.0;
				TEST_TARGET_NAME = ScreenToCalendar;
			};
			name = Debug;
		};
		31CDF48B2F2AA1A600EC2BC6 /* Release */ = {
			isa = XCBuildConfiguration;
			buildSettings = {
				CODE_SIGN_STYLE = Automatic;
				CURRENT_PROJECT_VERSION = 1;
				DEVELOPMENT_TEAM = "";
				GENERATE_INFOPLIST_FILE = YES;
				MARKETING_VERSION = 1.0;
				PRODUCT_BUNDLE_IDENTIFIER = zakich4n.ScreenToCalendarUITests;
				PRODUCT_NAME = "$(TARGET_NAME)";
				STRING_CATALOG_GENERATE_SYMBOLS = NO;
				SWIFT_APPROACHABLE_CONCURRENCY = YES;
				SWIFT_EMIT_LOC_STRINGS = NO;
				SWIFT_UPCOMING_FEATURE_MEMBER_IMPORT_VISIBILITY = YES;
				SWIFT_VERSION = 5.0;
				TEST_TARGET_NAME = ScreenToCalendar;
			};
			name = Release;
		};
/* End XCBuildConfiguration section */

/* Begin XCConfigurationList section */
		31CDF45D2F2AA1A500EC2BC6 /* Build configuration list for PBXProject "ScreenToCalendar" */ = {
			isa = XCConfigurationList;
			buildConfigurations = (
				31CDF4812F2AA1A600EC2BC6 /* Debug */,
				31CDF4822F2AA1A600EC2BC6 /* Release */,
			);
			defaultConfigurationIsVisible = 0;
			defaultConfigurationName = Release;
		};
		31CDF4832F2AA1A600EC2BC6 /* Build configuration list for PBXNativeTarget "ScreenToCalendar" */ = {
			isa = XCConfigurationList;
			buildConfigurations = (
				31CDF4842F2AA1A600EC2BC6 /* Debug */,
				31CDF4852F2AA1A600EC2BC6 /* Release */,
			);
			defaultConfigurationIsVisible = 0;
			defaultConfigurationName = Release;
		};
		31CDF4862F2AA1A600EC2BC6 /* Build configuration list for PBXNativeTarget "ScreenToCalendarTests" */ = {
			isa = XCConfigurationList;
			buildConfigurations = (
				31CDF4872F2AA1A600EC2BC6 /* Debug */,
				31CDF4882F2AA1A600EC2BC6 /* Release */,
			);
			defaultConfigurationIsVisible = 0;
			defaultConfigurationName = Release;
		};
		31CDF4892F2AA1A600EC2BC6 /* Build configuration list for PBXNativeTarget "ScreenToCalendarUITests" */ = {
			isa = XCConfigurationList;
			buildConfigurations = (
				31CDF48A2F2AA1A600EC2BC6 /* Debug */,
				31CDF48B2F2AA1A600EC2BC6 /* Release */,
			);
			defaultConfigurationIsVisible = 0;
			defaultConfigurationName = Release;
		};
/* End XCConfigurationList section */

/* Begin XCRemoteSwiftPackageReference section */
		31CDF48F2F2AA40D00EC2BC6 /* XCRemoteSwiftPackageReference "KeyboardShortcuts" */ = {
			isa = XCRemoteSwiftPackageReference;
			repositoryURL = "https://github.com/sindresorhus/KeyboardShortcuts";
			requirement = {
				kind = exactVersion;
				version = 2.4.0;
			};
		};
		31CDF4902F2AA42B00EC2BC6 /* XCRemoteSwiftPackageReference "KeychainAccess" */ = {
			isa = XCRemoteSwiftPackageReference;
			repositoryURL = "https://github.com/kishikawakatsumi/KeychainAccess";
			requirement = {
				branch = master;
				kind = branch;
			};
		};
/* End XCRemoteSwiftPackageReference section */

/* Begin XCSwiftPackageProductDependency section */
		31CDF4922F2AA50000EC2BC6 /* KeyboardShortcuts */ = {
			isa = XCSwiftPackageProductDependency;
			package = 31CDF48F2F2AA40D00EC2BC6 /* XCRemoteSwiftPackageReference "KeyboardShortcuts" */;
			productName = KeyboardShortcuts;
		};
		31CDF4942F2AA50100EC2BC6 /* KeychainAccess */ = {
			isa = XCSwiftPackageProductDependency;
			package = 31CDF4902F2AA42B00EC2BC6 /* XCRemoteSwiftPackageReference "KeychainAccess" */;
			productName = KeychainAccess;
		};
/* End XCSwiftPackageProductDependency section */
	};
	rootObject = 31CDF45A2F2AA1A500EC2BC6 /* Project object */;
}
